Microsoft Visual Studio Solution File, Format Version 12.00
# Visual Studio 2012
Project("{FAE04EC0-301F-11D3-BF4B-00C04F79EFBC}") = "Herbalist", "Herbalist.csproj", "{69A4C07D-3EFC-4192-B0DD-77458954161A}"
EndProject
Global
	GlobalSection(SolutionConfigurationPlatforms) = preSolution
	Debug|Any CPU = Debug|Any CPU
	ExportDebug|Any CPU = ExportDebug|Any CPU
	ExportRelease|Any CPU = ExportRelease|Any CPU
	EndGlobalSection
	GlobalSection(ProjectConfigurationPlatforms) = postSolution
		{69A4C07D-3EFC-4192-B0DD-77458954161A}.Debug|Any CPU.ActiveCfg = Debug|Any CPU
		{69A4C07D-3EFC-4192-B0DD-77458954161A}.Debug|Any CPU.Build.0 = Debug|Any CPU
		{69A4C07D-3EFC-4192-B0DD-77458954161A}.ExportDebug|Any CPU.ActiveCfg = ExportDebug|Any CPU
		{69A4C07D-3EFC-4192-B0DD-77458954161A}.ExportDebug|Any CPU.Build.0 = ExportDebug|Any CPU
		{69A4C07D-3EFC-4192-B0DD-77458954161A}.ExportRelease|Any CPU.ActiveCfg = ExportRelease|Any CPU
		{69A4C07D-3EFC-4192-B0DD-77458954161A}.ExportRelease|Any CPU.Build.0 = ExportRelease|Any CPU
	EndGlobalSection
EndGlobal
